
Microsoft Visual Studio Solution File, Format Version 12.00
# Visual Studio Version 16
VisualStudioVersion = 16.0.30503.244
MinimumVisualStudioVersion = 10.0.40219.1
Project("{888888A0-9F3D-457C-B088-3A5042F75D52}") = "BlogApp", "BlogApp.pyproj", "{796FE24B-5602-413E-8A99-482AB7BF8FEF}"
EndProject
Global
	GlobalSection(SolutionConfigurationPlatforms) = preSolution
		Debug|Any CPU = Debug|Any CPU
		Release|Any CPU = Release|Any CPU
	EndGlobalSection
	GlobalSection(ProjectConfigurationPlatforms) = postSolution
		{796FE24B-5602-413E-8A99-482AB7BF8FEF}.Debug|Any CPU.ActiveCfg = Debug|Any CPU
		{796FE24B-5602-413E-8A99-482AB7BF8FEF}.Debug|Any CPU.Build.0 = Debug|Any CPU
		{796FE24B-5602-413E-8A99-482AB7BF8FEF}.Release|Any CPU.ActiveCfg = Release|Any CPU
		{796FE24B-5602-413E-8A99-482AB7BF8FEF}.Release|Any CPU.Build.0 = Release|Any CPU
	EndGlobalSection
	GlobalSection(SolutionProperties) = preSolution
		HideSolutionNode = FALSE
	EndGlobalSection
	GlobalSection(ExtensibilityGlobals) = postSolution
		SolutionGuid = {3B1BC58C-9E92-4A23-BDA8-CDA2FC7DB4A8}
	EndGlobalSection
EndGlobal
